// !$*UTF8*$!
{
	archiveVersion = 1;
	classes = {
	};
	objectVersion = 50;
	objects = {

/* Begin PBXBuildFile section */
		870DFD2D24FA59D600FFA87F /* Assets.xcassets in Resources */ = {isa = PBXBuildFile; fileRef = 870DFD2C24FA59D600FFA87F /* Assets.xcassets */; };
		870DFD3024FA59D600FFA87F /* Preview Assets.xcassets in Resources */ = {isa = PBXBuildFile; fileRef = 870DFD2F24FA59D600FFA87F /* Preview Assets.xcassets */; };
		870DFD4824FA5A1000FFA87F /* Characters.swift in Sources */ = {isa = PBXBuildFile; fileRef = 870DFD3D24FA5A1000FFA87F /* Characters.swift */; };
		870DFD4924FA5A1000FFA87F /* CheckBoxView.swift in Sources */ = {isa = PBXBuildFile; fileRef = 870DFD4024FA5A1000FFA87F /* CheckBoxView.swift */; };
		870DFD4A24FA5A1000FFA87F /* MainFactory.swift in Sources */ = {isa = PBXBuildFile; fileRef = 870DFD4224FA5A1000FFA87F /* MainFactory.swift */; };
		870DFD4B24FA5A1000FFA87F /* MainLayout.swift in Sources */ = {isa = PBXBuildFile; fileRef = 870DFD4324FA5A1000FFA87F /* MainLayout.swift */; };
		870DFD4C24FA5A1000FFA87F /* MainView.swift in Sources */ = {isa = PBXBuildFile; fileRef = 870DFD4424FA5A1000FFA87F /* MainView.swift */; };
		870DFD4D24FA5A1000FFA87F /* AppDelegate.swift in Sources */ = {isa = PBXBuildFile; fileRef = 870DFD4624FA5A1000FFA87F /* AppDelegate.swift */; };
		870DFD4E24FA5A1000FFA87F /* main.swift in Sources */ = {isa = PBXBuildFile; fileRef = 870DFD4724FA5A1000FFA87F /* main.swift */; };
		870DFD5224FA5A6C00FFA87F /* Texts.swift in Sources */ = {isa = PBXBuildFile; fileRef = 870DFD5124FA5A6C00FFA87F /* Texts.swift */; };
		870DFD5724FA5CFC00FFA87F /* PasswordType.swift in Sources */ = {isa = PBXBuildFile; fileRef = 870DFD5624FA5CFC00FFA87F /* PasswordType.swift */; };
		870DFD5924FA5D9900FFA87F /* AdditionalSetting.swift in Sources */ = {isa = PBXBuildFile; fileRef = 870DFD5824FA5D9900FFA87F /* AdditionalSetting.swift */; };
		870DFD5B24FA5ED300FFA87F /* Readability.swift in Sources */ = {isa = PBXBuildFile; fileRef = 870DFD5A24FA5ED300FFA87F /* Readability.swift */; };
		870DFD6124FA6C6E00FFA87F /* PasswordSettings.swift in Sources */ = {isa = PBXBuildFile; fileRef = 870DFD6024FA6C6E00FFA87F /* PasswordSettings.swift */; };
		870DFD6524FA74A900FFA87F /* Separator.swift in Sources */ = {isa = PBXBuildFile; fileRef = 870DFD6424FA74A900FFA87F /* Separator.swift */; };
		870DFD6724FA756600FFA87F /* SectionView.swift in Sources */ = {isa = PBXBuildFile; fileRef = 870DFD6624FA756600FFA87F /* SectionView.swift */; };
		870DFD6924FA76A600FFA87F /* Colors.swift in Sources */ = {isa = PBXBuildFile; fileRef = 870DFD6824FA76A600FFA87F /* Colors.swift */; };
		873415F124FA843E00B6DB46 /* CloserRange.swift in Sources */ = {isa = PBXBuildFile; fileRef = 873415F024FA843E00B6DB46 /* CloserRange.swift */; };
		873415F324FA921A00B6DB46 /* RandomizedView.swift in Sources */ = {isa = PBXBuildFile; fileRef = 873415F224FA921A00B6DB46 /* RandomizedView.swift */; };
		873415F524FAA7AF00B6DB46 /* RandomPasswordGenerator.swift in Sources */ = {isa = PBXBuildFile; fileRef = 873415F424FAA7AF00B6DB46 /* RandomPasswordGenerator.swift */; };
		873415FC24FAB7D200B6DB46 /* RandomSinglePasswordGenerator.swift in Sources */ = {isa = PBXBuildFile; fileRef = 873415FB24FAB7D200B6DB46 /* RandomSinglePasswordGenerator.swift */; };
		879ED84024FAD376000C4856 /* String.swift in Sources */ = {isa = PBXBuildFile; fileRef = 879ED83F24FAD376000C4856 /* String.swift */; };
		879ED84224FAD37C000C4856 /* Character.swift in Sources */ = {isa = PBXBuildFile; fileRef = 879ED84124FAD37C000C4856 /* Character.swift */; };
		879ED84424FAD9CC000C4856 /* Int.swift in Sources */ = {isa = PBXBuildFile; fileRef = 879ED84324FAD9CC000C4856 /* Int.swift */; };
		879ED84624FAE889000C4856 /* NumberTextFieldView.swift in Sources */ = {isa = PBXBuildFile; fileRef = 879ED84524FAE889000C4856 /* NumberTextFieldView.swift */; };
/* End PBXBuildFile section */

/* Begin PBXFileReference section */
		870DFD2524FA59D400FFA87F /* Vakho's Password Generator.app */ = {isa = PBXFileReference; explicitFileType = wrapper.application; includeInIndex = 0; path = "Vakho's Password Generator.app"; sourceTree = BUILT_PRODUCTS_DIR; };
		870DFD2C24FA59D600FFA87F /* Assets.xcassets */ = {isa = PBXFileReference; lastKnownFileType = folder.assetcatalog; path = Assets.xcassets; sourceTree = "<group>"; };
		870DFD2F24FA59D600FFA87F /* Preview Assets.xcassets */ = {isa = PBXFileReference; lastKnownFileType = folder.assetcatalog; path = "Preview Assets.xcassets"; sourceTree = "<group>"; };
		870DFD3424FA59D600FFA87F /* Info.plist */ = {isa = PBXFileReference; lastKnownFileType = text.plist.xml; path = Info.plist; sourceTree = "<group>"; };
		870DFD3524FA59D600FFA87F /* Vakho_s_Password_Generator.entitlements */ = {isa = PBXFileReference; lastKnownFileType = text.plist.entitlements; path = Vakho_s_Password_Generator.entitlements; sourceTree = "<group>"; };
		870DFD3D24FA5A1000FFA87F /* Characters.swift */ = {isa = PBXFileReference; fileEncoding = 4; lastKnownFileType = sourcecode.swift; path = Characters.swift; sourceTree = "<group>"; };
		870DFD4024FA5A1000FFA87F /* CheckBoxView.swift */ = {isa = PBXFileReference; fileEncoding = 4; lastKnownFileType = sourcecode.swift; path = CheckBoxView.swift; sourceTree = "<group>"; };
		870DFD4224FA5A1000FFA87F /* MainFactory.swift */ = {isa = PBXFileReference; fileEncoding = 4; lastKnownFileType = sourcecode.swift; path = MainFactory.swift; sourceTree = "<group>"; };
		870DFD4324FA5A1000FFA87F /* MainLayout.swift */ = {isa = PBXFileReference; fileEncoding = 4; lastKnownFileType = sourcecode.swift; path = MainLayout.swift; sourceTree = "<group>"; };
		870DFD4424FA5A1000FFA87F /* MainView.swift */ = {isa = PBXFileReference; fileEncoding = 4; lastKnownFileType = sourcecode.swift; path = MainView.swift; sourceTree = "<group>"; };
		870DFD4624FA5A1000FFA87F /* AppDelegate.swift */ = {isa = PBXFileReference; fileEncoding = 4; lastKnownFileType = sourcecode.swift; path = AppDelegate.swift; sourceTree = "<group>"; };
		870DFD4724FA5A1000FFA87F /* main.swift */ = {isa = PBXFileReference; fileEncoding = 4; lastKnownFileType = sourcecode.swift; path = main.swift; sourceTree = "<group>"; };
		870DFD5124FA5A6C00FFA87F /* Texts.swift */ = {isa = PBXFileReference; lastKnownFileType = sourcecode.swift; path = Texts.swift; sourceTree = "<group>"; };
		870DFD5624FA5CFC00FFA87F /* PasswordType.swift */ = {isa = PBXFileReference; lastKnownFileType = sourcecode.swift; path = PasswordType.swift; sourceTree = "<group>"; };
		870DFD5824FA5D9900FFA87F /* AdditionalSetting.swift */ = {isa = PBXFileReference; lastKnownFileType = sourcecode.swift; path = AdditionalSetting.swift; sourceTree = "<group>"; };
		870DFD5A24FA5ED300FFA87F /* Readability.swift */ = {isa = PBXFileReference; lastKnownFileType = sourcecode.swift; path = Readability.swift; sourceTree = "<group>"; };
		870DFD6024FA6C6E00FFA87F /* PasswordSettings.swift */ = {isa = PBXFileReference; lastKnownFileType = sourcecode.swift; path = PasswordSettings.swift; sourceTree = "<group>"; };
		870DFD6424FA74A900FFA87F /* Separator.swift */ = {isa = PBXFileReference; lastKnownFileType = sourcecode.swift; path = Separator.swift; sourceTree = "<group>"; };
		870DFD6624FA756600FFA87F /* SectionView.swift */ = {isa = PBXFileReference; lastKnownFileType = sourcecode.swift; path = SectionView.swift; sourceTree = "<group>"; };
		870DFD6824FA76A600FFA87F /* Colors.swift */ = {isa = PBXFileReference; lastKnownFileType = sourcecode.swift; path = Colors.swift; sourceTree = "<group>"; };
		873415F024FA843E00B6DB46 /* CloserRange.swift */ = {isa = PBXFileReference; lastKnownFileType = sourcecode.swift; path = CloserRange.swift; sourceTree = "<group>"; };
		873415F224FA921A00B6DB46 /* RandomizedView.swift */ = {isa = PBXFileReference; lastKnownFileType = sourcecode.swift; path = RandomizedView.swift; sourceTree = "<group>"; };
		873415F424FAA7AF00B6DB46 /* RandomPasswordGenerator.swift */ = {isa = PBXFileReference; lastKnownFileType = sourcecode.swift; name = RandomPasswordGenerator.swift; path = "Vakho's Password Generator/Services/RandomPasswordGenerator.swift"; sourceTree = SOURCE_ROOT; };
		873415FB24FAB7D200B6DB46 /* RandomSinglePasswordGenerator.swift */ = {isa = PBXFileReference; lastKnownFileType = sourcecode.swift; path = RandomSinglePasswordGenerator.swift; sourceTree = "<group>"; };
		879ED83F24FAD376000C4856 /* String.swift */ = {isa = PBXFileReference; lastKnownFileType = sourcecode.swift; path = String.swift; sourceTree = "<group>"; };
		879ED84124FAD37C000C4856 /* Character.swift */ = {isa = PBXFileReference; lastKnownFileType = sourcecode.swift; path = Character.swift; sourceTree = "<group>"; };
		879ED84324FAD9CC000C4856 /* Int.swift */ = {isa = PBXFileReference; lastKnownFileType = sourcecode.swift; path = Int.swift; sourceTree = "<group>"; };
		879ED84524FAE889000C4856 /* NumberTextFieldView.swift */ = {isa = PBXFileReference; lastKnownFileType = sourcecode.swift; path = NumberTextFieldView.swift; sourceTree = "<group>"; };
/* End PBXFileReference section */

/* Begin PBXFrameworksBuildPhase section */
		870DFD2224FA59D400FFA87F /* Frameworks */ = {
			isa = PBXFrameworksBuildPhase;
			buildActionMask = 2147483647;
			files = (
			);
			runOnlyForDeploymentPostprocessing = 0;
		};
/* End PBXFrameworksBuildPhase section */

/* Begin PBXGroup section */
		870DFD1C24FA59D300FFA87F = {
			isa = PBXGroup;
			children = (
				870DFD2724FA59D400FFA87F /* Vakho's Password Generator */,
				870DFD2624FA59D400FFA87F /* Products */,
			);
			sourceTree = "<group>";
		};
		870DFD2624FA59D400FFA87F /* Products */ = {
			isa = PBXGroup;
			children = (
				870DFD2524FA59D400FFA87F /* Vakho's Password Generator.app */,
			);
			name = Products;
			sourceTree = "<group>";
		};
		870DFD2724FA59D400FFA87F /* Vakho's Password Generator */ = {
			isa = PBXGroup;
			children = (
				870DFD5E24FA68AA00FFA87F /* Supporting FIles */,
				870DFD4524FA5A1000FFA87F /* App Control */,
				870DFD5F24FA68D400FFA87F /* Windows */,
				870DFD3E24FA5A1000FFA87F /* Views */,
				870DFD5324FA5B4500FFA87F /* View Models */,
				879ED83E24FABC39000C4856 /* Services */,
				870DFD3C24FA5A1000FFA87F /* Models */,
				870DFD4F24FA5A5B00FFA87F /* Resources */,
				870DFD2E24FA59D600FFA87F /* Preview Content */,
			);
			path = "Vakho's Password Generator";
			sourceTree = "<group>";
		};
		870DFD2E24FA59D600FFA87F /* Preview Content */ = {
			isa = PBXGroup;
			children = (
				870DFD2F24FA59D600FFA87F /* Preview Assets.xcassets */,
			);
			path = "Preview Content";
			sourceTree = "<group>";
		};
		870DFD3C24FA5A1000FFA87F /* Models */ = {
			isa = PBXGroup;
			children = (
				870DFD5624FA5CFC00FFA87F /* PasswordType.swift */,
				870DFD3D24FA5A1000FFA87F /* Characters.swift */,
				870DFD5824FA5D9900FFA87F /* AdditionalSetting.swift */,
				870DFD5A24FA5ED300FFA87F /* Readability.swift */,
				870DFD6424FA74A900FFA87F /* Separator.swift */,
			);
			path = Models;
			sourceTree = "<group>";
		};
		870DFD3E24FA5A1000FFA87F /* Views */ = {
			isa = PBXGroup;
			children = (
				870DFD4424FA5A1000FFA87F /* MainView.swift */,
				873415F224FA921A00B6DB46 /* RandomizedView.swift */,
				870DFD3F24FA5A1000FFA87F /* Components */,
			);
			path = Views;
			sourceTree = "<group>";
		};
		870DFD3F24FA5A1000FFA87F /* Components */ = {
			isa = PBXGroup;
			children = (
				870DFD6624FA756600FFA87F /* SectionView.swift */,
				870DFD4024FA5A1000FFA87F /* CheckBoxView.swift */,
				879ED84524FAE889000C4856 /* NumberTextFieldView.swift */,
			);
			path = Components;
			sourceTree = "<group>";
		};
		870DFD4524FA5A1000FFA87F /* App Control */ = {
			isa = PBXGroup;
			children = (
				870DFD4724FA5A1000FFA87F /* main.swift */,
				870DFD4624FA5A1000FFA87F /* AppDelegate.swift */,
			);
			path = "App Control";
			sourceTree = "<group>";
		};
		870DFD4F24FA5A5B00FFA87F /* Resources */ = {
			isa = PBXGroup;
			children = (
				870DFD2C24FA59D600FFA87F /* Assets.xcassets */,
				870DFD5124FA5A6C00FFA87F /* Texts.swift */,
				870DFD6824FA76A600FFA87F /* Colors.swift */,
				873415F824FAAB6A00B6DB46 /* Extensions */,
			);
			path = Resources;
			sourceTree = "<group>";
		};
		870DFD5324FA5B4500FFA87F /* View Models */ = {
			isa = PBXGroup;
			children = (
				870DFD6024FA6C6E00FFA87F /* PasswordSettings.swift */,
			);
			path = "View Models";
			sourceTree = "<group>";
		};
		870DFD5E24FA68AA00FFA87F /* Supporting FIles */ = {
			isa = PBXGroup;
			children = (
				870DFD3424FA59D600FFA87F /* Info.plist */,
				870DFD3524FA59D600FFA87F /* Vakho_s_Password_Generator.entitlements */,
			);
			name = "Supporting FIles";
			sourceTree = "<group>";
		};
		870DFD5F24FA68D400FFA87F /* Windows */ = {
			isa = PBXGroup;
			children = (
				870DFD4224FA5A1000FFA87F /* MainFactory.swift */,
				870DFD4324FA5A1000FFA87F /* MainLayout.swift */,
			);
			path = Windows;
			sourceTree = "<group>";
		};
		873415F824FAAB6A00B6DB46 /* Extensions */ = {
			isa = PBXGroup;
			children = (
				879ED84324FAD9CC000C4856 /* Int.swift */,
				879ED83F24FAD376000C4856 /* String.swift */,
				879ED84124FAD37C000C4856 /* Character.swift */,
				873415F024FA843E00B6DB46 /* CloserRange.swift */,
			);
			path = Extensions;
			sourceTree = "<group>";
		};
		879ED83E24FABC39000C4856 /* Services */ = {
			isa = PBXGroup;
			children = (
				873415F424FAA7AF00B6DB46 /* RandomPasswordGenerator.swift */,
				873415FB24FAB7D200B6DB46 /* RandomSinglePasswordGenerator.swift */,
			);
			path = Services;
			sourceTree = "<group>";
		};
/* End PBXGroup section */

/* Begin PBXNativeTarget section */
		870DFD2424FA59D400FFA87F /* Vakho's Password Generator */ = {
			isa = PBXNativeTarget;
			buildConfigurationList = 870DFD3824FA59D600FFA87F /* Build configuration list for PBXNativeTarget "Vakho's Password Generator" */;
			buildPhases = (
				870DFD2124FA59D400FFA87F /* Sources */,
				870DFD2224FA59D400FFA87F /* Frameworks */,
				870DFD2324FA59D400FFA87F /* Resources */,
			);
			buildRules = (
			);
			dependencies = (
			);
			name = "Vakho's Password Generator";
			productName = "Vakho's Password Generator";
			productReference = 870DFD2524FA59D400FFA87F /* Vakho's Password Generator.app */;
			productType = "com.apple.product-type.application";
		};
/* End PBXNativeTarget section */

/* Begin PBXProject section */
		870DFD1D24FA59D300FFA87F /* Project object */ = {
			isa = PBXProject;
			attributes = {
				LastSwiftUpdateCheck = 1160;
				LastUpgradeCheck = 1160;
				ORGANIZATIONNAME = "Vakhtang Kontridze";
				TargetAttributes = {
					870DFD2424FA59D400FFA87F = {
						CreatedOnToolsVersion = 11.6;
					};
				};
			};
			buildConfigurationList = 870DFD2024FA59D300FFA87F /* Build configuration list for PBXProject "Vakho's Password Generator" */;
			compatibilityVersion = "Xcode 9.3";
			developmentRegion = en;
			hasScannedForEncodings = 0;
			knownRegions = (
				en,
				Base,
			);
			mainGroup = 870DFD1C24FA59D300FFA87F;
			productRefGroup = 870DFD2624FA59D400FFA87F /* Products */;
			projectDirPath = "";
			projectRoot = "";
			targets = (
				870DFD2424FA59D400FFA87F /* Vakho's Password Generator */,
			);
		};
/* End PBXProject section */

/* Begin PBXResourcesBuildPhase section */
		870DFD2324FA59D400FFA87F /* Resources */ = {
			isa = PBXResourcesBuildPhase;
			buildActionMask = 2147483647;
			files = (
				870DFD3024FA59D600FFA87F /* Preview Assets.xcassets in Resources */,
				870DFD2D24FA59D600FFA87F /* Assets.xcassets in Resources */,
			);
			runOnlyForDeploymentPostprocessing = 0;
		};
/* End PBXResourcesBuildPhase section */

/* Begin PBXSourcesBuildPhase section */
		870DFD2124FA59D400FFA87F /* Sources */ = {
			isa = PBXSourcesBuildPhase;
			buildActionMask = 2147483647;
			files = (
				870DFD6124FA6C6E00FFA87F /* PasswordSettings.swift in Sources */,
				870DFD6924FA76A600FFA87F /* Colors.swift in Sources */,
				879ED84024FAD376000C4856 /* String.swift in Sources */,
				870DFD4D24FA5A1000FFA87F /* AppDelegate.swift in Sources */,
				870DFD4E24FA5A1000FFA87F /* main.swift in Sources */,
				870DFD4824FA5A1000FFA87F /* Characters.swift in Sources */,
				870DFD4A24FA5A1000FFA87F /* MainFactory.swift in Sources */,
				873415F324FA921A00B6DB46 /* RandomizedView.swift in Sources */,
				870DFD4924FA5A1000FFA87F /* CheckBoxView.swift in Sources */,
				873415F124FA843E00B6DB46 /* CloserRange.swift in Sources */,
				870DFD4C24FA5A1000FFA87F /* MainView.swift in Sources */,
				870DFD5224FA5A6C00FFA87F /* Texts.swift in Sources */,
				870DFD5724FA5CFC00FFA87F /* PasswordType.swift in Sources */,
				879ED84224FAD37C000C4856 /* Character.swift in Sources */,
				879ED84624FAE889000C4856 /* NumberTextFieldView.swift in Sources */,
				873415F524FAA7AF00B6DB46 /* RandomPasswordGenerator.swift in Sources */,
				870DFD6524FA74A900FFA87F /* Separator.swift in Sources */,
				870DFD5924FA5D9900FFA87F /* AdditionalSetting.swift in Sources */,
				870DFD5B24FA5ED300FFA87F /* Readability.swift in Sources */,
				873415FC24FAB7D200B6DB46 /* RandomSinglePasswordGenerator.swift in Sources */,
				879ED84424FAD9CC000C4856 /* Int.swift in Sources */,
				870DFD6724FA756600FFA87F /* SectionView.swift in Sources */,
				870DFD4B24FA5A1000FFA87F /* MainLayout.swift in Sources */,
			);
			runOnlyForDeploymentPostprocessing = 0;
		};
/* End PBXSourcesBuildPhase section */

/* Begin XCBuildConfiguration section */
		870DFD3624FA59D600FFA87F /* Debug */ = {
			isa = XCBuildConfiguration;
			buildSettings = {
				ALWAYS_SEARCH_USER_PATHS = NO;
				CLANG_ANALYZER_NONNULL = YES;
				CLANG_ANALYZER_NUMBER_OBJECT_CONVERSION = YES_AGGRESSIVE;
				CLANG_CXX_LANGUAGE_STANDARD = "gnu++14";
				CLANG_CXX_LIBRARY = "libc++";
				CLANG_ENABLE_MODULES = YES;
				CLANG_ENABLE_OBJC_ARC = YES;
				CLANG_ENABLE_OBJC_WEAK = YES;
				CLANG_WARN_BLOCK_CAPTURE_AUTORELEASING = YES;
				CLANG_WARN_BOOL_CONVERSION = YES;
				CLANG_WARN_COMMA = YES;
				CLANG_WARN_CONSTANT_CONVERSION = YES;
				CLANG_WARN_DEPRECATED_OBJC_IMPLEMENTATIONS = YES;
				CLANG_WARN_DIRECT_OBJC_ISA_USAGE = YES_ERROR;
				CLANG_WARN_DOCUMENTATION_COMMENTS = YES;
				CLANG_WARN_EMPTY_BODY = YES;
				CLANG_WARN_ENUM_CONVERSION = YES;
				CLANG_WARN_INFINITE_RECURSION = YES;
				CLANG_WARN_INT_CONVERSION = YES;
				CLANG_WARN_NON_LITERAL_NULL_CONVERSION = YES;
				CLANG_WARN_OBJC_IMPLICIT_RETAIN_SELF = YES;
				CLANG_WARN_OBJC_LITERAL_CONVERSION = YES;
				CLANG_WARN_OBJC_ROOT_CLASS = YES_ERROR;
				CLANG_WARN_RANGE_LOOP_ANALYSIS = YES;
				CLANG_WARN_STRICT_PROTOTYPES = YES;
				CLANG_WARN_SUSPICIOUS_MOVE = YES;
				CLANG_WARN_UNGUARDED_AVAILABILITY = YES_AGGRESSIVE;
				CLANG_WARN_UNREACHABLE_CODE = YES;
				CLANG_WARN__DUPLICATE_METHOD_MATCH = YES;
				COPY_PHASE_STRIP = NO;
				DEBUG_INFORMATION_FORMAT = dwarf;
				ENABLE_STRICT_OBJC_MSGSEND = YES;
				ENABLE_TESTABILITY = YES;
				GCC_C_LANGUAGE_STANDARD = gnu11;
				GCC_DYNAMIC_NO_PIC = NO;
				GCC_NO_COMMON_BLOCKS = YES;
				GCC_OPTIMIZATION_LEVEL = 0;
				GCC_PREPROCESSOR_DEFINITIONS = (
					"DEBUG=1",
					"$(inherited)",
				);
				GCC_WARN_64_TO_32_BIT_CONVERSION = YES;
				GCC_WARN_ABOUT_RETURN_TYPE = YES_ERROR;
				GCC_WARN_UNDECLARED_SELECTOR = YES;
				GCC_WARN_UNINITIALIZED_AUTOS = YES_AGGRESSIVE;
				GCC_WARN_UNUSED_FUNCTION = YES;
				GCC_WARN_UNUSED_VARIABLE = YES;
				MACOSX_DEPLOYMENT_TARGET = 10.15;
				MTL_ENABLE_DEBUG_INFO = INCLUDE_SOURCE;
				MTL_FAST_MATH = YES;
				ONLY_ACTIVE_ARCH = YES;
				SDKROOT = macosx;
				SWIFT_ACTIVE_COMPILATION_CONDITIONS = DEBUG;
				SWIFT_OPTIMIZATION_LEVEL = "-Onone";
			};
			name = Debug;
		};
		870DFD3724FA59D600FFA87F /* Release */ = {
			isa = XCBuildConfiguration;
			buildSettings = {
				ALWAYS_SEARCH_USER_PATHS = NO;
				CLANG_ANALYZER_NONNULL = YES;
				CLANG_ANALYZER_NUMBER_OBJECT_CONVERSION = YES_AGGRESSIVE;
				CLANG_CXX_LANGUAGE_STANDARD = "gnu++14";
				CLANG_CXX_LIBRARY = "libc++";
				CLANG_ENABLE_MODULES = YES;
				CLANG_ENABLE_OBJC_ARC = YES;
				CLANG_ENABLE_OBJC_WEAK = YES;
				CLANG_WARN_BLOCK_CAPTURE_AUTORELEASING = YES;
				CLANG_WARN_BOOL_CONVERSION = YES;
				CLANG_WARN_COMMA = YES;
				CLANG_WARN_CONSTANT_CONVERSION = YES;
				CLANG_WARN_DEPRECATED_OBJC_IMPLEMENTATIONS = YES;
				CLANG_WARN_DIRECT_OBJC_ISA_USAGE = YES_ERROR;
				CLANG_WARN_DOCUMENTATION_COMMENTS = YES;
				CLANG_WARN_EMPTY_BODY = YES;
				CLANG_WARN_ENUM_CONVERSION = YES;
				CLANG_WARN_INFINITE_RECURSION = YES;
				CLANG_WARN_INT_CONVERSION = YES;
				CLANG_WARN_NON_LITERAL_NULL_CONVERSION = YES;
				CLANG_WARN_OBJC_IMPLICIT_RETAIN_SELF = YES;
				CLANG_WARN_OBJC_LITERAL_CONVERSION = YES;
				CLANG_WARN_OBJC_ROOT_CLASS = YES_ERROR;
				CLANG_WARN_RANGE_LOOP_ANALYSIS = YES;
				CLANG_WARN_STRICT_PROTOTYPES = YES;
				CLANG_WARN_SUSPICIOUS_MOVE = YES;
				CLANG_WARN_UNGUARDED_AVAILABILITY = YES_AGGRESSIVE;
				CLANG_WARN_UNREACHABLE_CODE = YES;
				CLANG_WARN__DUPLICATE_METHOD_MATCH = YES;
				COPY_PHASE_STRIP = NO;
				DEBUG_INFORMATION_FORMAT = "dwarf-with-dsym";
				ENABLE_NS_ASSERTIONS = NO;
				ENABLE_STRICT_OBJC_MSGSEND = YES;
				GCC_C_LANGUAGE_STANDARD = gnu11;
				GCC_NO_COMMON_BLOCKS = YES;
				GCC_WARN_64_TO_32_BIT_CONVERSION = YES;
				GCC_WARN_ABOUT_RETURN_TYPE = YES_ERROR;
				GCC_WARN_UNDECLARED_SELECTOR = YES;
				GCC_WARN_UNINITIALIZED_AUTOS = YES_AGGRESSIVE;
				GCC_WARN_UNUSED_FUNCTION = YES;
				GCC_WARN_UNUSED_VARIABLE = YES;
				MACOSX_DEPLOYMENT_TARGET = 10.15;
				MTL_ENABLE_DEBUG_INFO = NO;
				MTL_FAST_MATH = YES;
				SDKROOT = macosx;
				SWIFT_COMPILATION_MODE = wholemodule;
				SWIFT_OPTIMIZATION_LEVEL = "-O";
			};
			name = Release;
		};
		870DFD3924FA59D600FFA87F /* Debug */ = {
			isa = XCBuildConfiguration;
			buildSettings = {
				ASSETCATALOG_COMPILER_APPICON_NAME = AppIcon;
				CODE_SIGN_ENTITLEMENTS = "Vakho's Password Generator/Vakho_s_Password_Generator.entitlements";
				CODE_SIGN_STYLE = Automatic;
				COMBINE_HIDPI_IMAGES = YES;
				DEVELOPMENT_ASSET_PATHS = "\"Vakho's Password Generator/Preview Content\"";
				DEVELOPMENT_TEAM = 382C9MM5UW;
				ENABLE_HARDENED_RUNTIME = YES;
				ENABLE_PREVIEWS = YES;
				INFOPLIST_FILE = "Vakho's Password Generator/Info.plist";
				LD_RUNPATH_SEARCH_PATHS = (
					"$(inherited)",
					"@executable_path/../Frameworks",
				);
				MACOSX_DEPLOYMENT_TARGET = 10.15;
				PRODUCT_BUNDLE_IDENTIFIER = "com.vakhtang-kontridze.Vakho-s-Password-Generator";
				PRODUCT_NAME = "$(TARGET_NAME)";
				SWIFT_VERSION = 5.0;
			};
			name = Debug;
		};
		870DFD3A24FA59D600FFA87F /* Release */ = {
			isa = XCBuildConfiguration;
			buildSettings = {
				ASSETCATALOG_COMPILER_APPICON_NAME = AppIcon;
				CODE_SIGN_ENTITLEMENTS = "Vakho's Password Generator/Vakho_s_Password_Generator.entitlements";
				CODE_SIGN_STYLE = Automatic;
				COMBINE_HIDPI_IMAGES = YES;
				DEVELOPMENT_ASSET_PATHS = "\"Vakho's Password Generator/Preview Content\"";
				DEVELOPMENT_TEAM = 382C9MM5UW;
				ENABLE_HARDENED_RUNTIME = YES;
				ENABLE_PREVIEWS = YES;
				INFOPLIST_FILE = "Vakho's Password Generator/Info.plist";
				LD_RUNPATH_SEARCH_PATHS = (
					"$(inherited)",
					"@executable_path/../Frameworks",
				);
				MACOSX_DEPLOYMENT_TARGET = 10.15;
				PRODUCT_BUNDLE_IDENTIFIER = "com.vakhtang-kontridze.Vakho-s-Password-Generator";
				PRODUCT_NAME = "$(TARGET_NAME)";
				SWIFT_VERSION = 5.0;
			};
			name = Release;
		};
/* End XCBuildConfiguration section */

/* Begin XCConfigurationList section */
		870DFD2024FA59D300FFA87F /* Build configuration list for PBXProject "Vakho's Password Generator" */ = {
			isa = XCConfigurationList;
			buildConfigurations = (
				870DFD3624FA59D600FFA87F /* Debug */,
				870DFD3724FA59D600FFA87F /* Release */,
			);
			defaultConfigurationIsVisible = 0;
			defaultConfigurationName = Release;
		};
		870DFD3824FA59D600FFA87F /* Build configuration list for PBXNativeTarget "Vakho's Password Generator" */ = {
			isa = XCConfigurationList;
			buildConfigurations = (
				870DFD3924FA59D600FFA87F /* Debug */,
				870DFD3A24FA59D600FFA87F /* Release */,
			);
			defaultConfigurationIsVisible = 0;
			defaultConfigurationName = Release;
		};
/* End XCConfigurationList section */
	};
	rootObject = 870DFD1D24FA59D300FFA87F /* Project object */;
}
